// !$*UTF8*$!
{
	archiveVersion = 1;
	classes = {
	};
	objectVersion = 50;
	objects = {

/* Begin PBXBuildFile section */
		41971D3F22CE795E0070194C /* AppDelegate.swift in Sources */ = {isa = PBXBuildFile; fileRef = 41971D3E22CE795E0070194C /* AppDelegate.swift */; };
		41971D4122CE795E0070194C /* ViewController.swift in Sources */ = {isa = PBXBuildFile; fileRef = 41971D4022CE795E0070194C /* ViewController.swift */; };
		41971D4422CE795E0070194C /* Main.storyboard in Resources */ = {isa = PBXBuildFile; fileRef = 41971D4222CE795E0070194C /* Main.storyboard */; };
		41971D4622CE795F0070194C /* Assets.xcassets in Resources */ = {isa = PBXBuildFile; fileRef = 41971D4522CE795F0070194C /* Assets.xcassets */; };
		41971D4922CE795F0070194C /* LaunchScreen.storyboard in Resources */ = {isa = PBXBuildFile; fileRef = 41971D4722CE795F0070194C /* LaunchScreen.storyboard */; };
		41971D5422CE79600070194C /* rep3Tests.swift in Sources */ = {isa = PBXBuildFile; fileRef = 41971D5322CE79600070194C /* rep3Tests.swift */; };
/* End PBXBuildFile section */

/* Begin PBXContainerItemProxy section */
		41971D5022CE79600070194C /* PBXContainerItemProxy */ = {
			isa = PBXContainerItemProxy;
			containerPortal = 41971D3322CE795E0070194C /* Project object */;
			proxyType = 1;
			remoteGlobalIDString = 41971D3A22CE795E0070194C;
			remoteInfo = rep3;
		};
/* End PBXContainerItemProxy section */

/* Begin PBXFileReference section */
		41971D3B22CE795E0070194C /* rep3.app */ = {isa = PBXFileReference; explicitFileType = wrapper.application; includeInIndex = 0; path = rep3.app; sourceTree = BUILT_PRODUCTS_DIR; };
		41971D3E22CE795E0070194C /* AppDelegate.swift */ = {isa = PBXFileReference; lastKnownFileType = sourcecode.swift; path = AppDelegate.swift; sourceTree = "<group>"; };
		41971D4022CE795E0070194C /* ViewController.swift */ = {isa = PBXFileReference; lastKnownFileType = sourcecode.swift; path = ViewController.swift; sourceTree = "<group>"; };
		41971D4322CE795E0070194C /* Base */ = {isa = PBXFileReference; lastKnownFileType = file.storyboard; name = Base; path = Base.lproj/Main.storyboard; sourceTree = "<group>"; };
		41971D4522CE795F0070194C /* Assets.xcassets */ = {isa = PBXFileReference; lastKnownFileType = folder.assetcatalog; path = Assets.xcassets; sourceTree = "<group>"; };
		41971D4822CE795F0070194C /* Base */ = {isa = PBXFileReference; lastKnownFileType = file.storyboard; name = Base; path = Base.lproj/LaunchScreen.storyboard; sourceTree = "<group>"; };
		41971D4A22CE795F0070194C /* Info.plist */ = {isa = PBXFileReference; lastKnownFileType = text.plist.xml; path = Info.plist; sourceTree = "<group>"; };
		41971D4F22CE79600070194C /* rep3Tests.xctest */ = {isa = PBXFileReference; explicitFileType = wrapper.cfbundle; includeInIndex = 0; path = rep3Tests.xctest; sourceTree = BUILT_PRODUCTS_DIR; };
		41971D5322CE79600070194C /* rep3Tests.swift */ = {isa = PBXFileReference; lastKnownFileType = sourcecode.swift; path = rep3Tests.swift; sourceTree = "<group>"; };
		41971D5522CE79600070194C /* Info.plist */ = {isa = PBXFileReference; lastKnownFileType = text.plist.xml; path = Info.plist; sourceTree = "<group>"; };
/* End PBXFileReference section */

/* Begin PBXFrameworksBuildPhase section */
		41971D3822CE795E0070194C /* Frameworks */ = {
			isa = PBXFrameworksBuildPhase;
			buildActionMask = 2147483647;
			files = (
			);
			runOnlyForDeploymentPostprocessing = 0;
		};
		41971D4C22CE79600070194C /* Frameworks */ = {
			isa = PBXFrameworksBuildPhase;
			buildActionMask = 2147483647;
			files = (
			);
			runOnlyForDeploymentPostprocessing = 0;
		};
/* End PBXFrameworksBuildPhase section */

/* Begin PBXGroup section */
		41971D3222CE795E0070194C = {
			isa = PBXGroup;
			children = (
				41971D3D22CE795E0070194C /* rep3 */,
				41971D5222CE79600070194C /* rep3Tests */,
				41971D3C22CE795E0070194C /* Products */,
			);
			sourceTree = "<group>";
		};
		41971D3C22CE795E0070194C /* Products */ = {
			isa = PBXGroup;
			children = (
				41971D3B22CE795E0070194C /* rep3.app */,
				41971D4F22CE79600070194C /* rep3Tests.xctest */,
			);
			name = Products;
			sourceTree = "<group>";
		};
		41971D3D22CE795E0070194C /* rep3 */ = {
			isa = PBXGroup;
			children = (
				41971D3E22CE795E0070194C /* AppDelegate.swift */,
				41971D4022CE795E0070194C /* ViewController.swift */,
				41971D4222CE795E0070194C /* Main.storyboard */,
				41971D4522CE795F0070194C /* Assets.xcassets */,
				41971D4722CE795F0070194C /* LaunchScreen.storyboard */,
				41971D4A22CE795F0070194C /* Info.plist */,
			);
			path = rep3;
			sourceTree = "<group>";
		};
		41971D5222CE79600070194C /* rep3Tests */ = {
			isa = PBXGroup;
			children = (
				41971D5322CE79600070194C /* rep3Tests.swift */,
				41971D5522CE79600070194C /* Info.plist */,
			);
			path = rep3Tests;
			sourceTree = "<group>";
		};
/* End PBXGroup section */

/* Begin PBXNativeTarget section */
		41971D3A22CE795E0070194C /* rep3 */ = {
			isa = PBXNativeTarget;
			buildConfigurationList = 41971D5822CE79600070194C /* Build configuration list for PBXNativeTarget "rep3" */;
			buildPhases = (
				41971D3722CE795E0070194C /* Sources */,
				41971D3822CE795E0070194C /* Frameworks */,
				41971D3922CE795E0070194C /* Resources */,
			);
			buildRules = (
			);
			dependencies = (
			);
			name = rep3;
			productName = rep3;
			productReference = 41971D3B22CE795E0070194C /* rep3.app */;
			productType = "com.apple.product-type.application";
		};
		41971D4E22CE79600070194C /* rep3Tests */ = {
			isa = PBXNativeTarget;
			buildConfigurationList = 41971D5B22CE79600070194C /* Build configuration list for PBXNativeTarget "rep3Tests" */;
			buildPhases = (
				41971D4B22CE79600070194C /* Sources */,
				41971D4C22CE79600070194C /* Frameworks */,
				41971D4D22CE79600070194C /* Resources */,
			);
			buildRules = (
			);
			dependencies = (
				41971D5122CE79600070194C /* PBXTargetDependency */,
			);
			name = rep3Tests;
			productName = rep3Tests;
			productReference = 41971D4F22CE79600070194C /* rep3Tests.xctest */;
			productType = "com.apple.product-type.bundle.unit-test";
		};
/* End PBXNativeTarget section */

/* Begin PBXProject section */
		41971D3322CE795E0070194C /* Project object */ = {
			isa = PBXProject;
			attributes = {
				LastSwiftUpdateCheck = 1010;
				LastUpgradeCheck = 1010;
				ORGANIZATIONNAME = "Andrew Inc.";
				TargetAttributes = {
					41971D3A22CE795E0070194C = {
						CreatedOnToolsVersion = 10.1;
					};
					41971D4E22CE79600070194C = {
						CreatedOnToolsVersion = 10.1;
						TestTargetID = 41971D3A22CE795E0070194C;
					};
				};
			};
			buildConfigurationList = 41971D3622CE795E0070194C /* Build configuration list for PBXProject "rep3" */;
			compatibilityVersion = "Xcode 9.3";
			developmentRegion = en;
			hasScannedForEncodings = 0;
			knownRegions = (
				en,
				Base,
			);
			mainGroup = 41971D3222CE795E0070194C;
			productRefGroup = 41971D3C22CE795E0070194C /* Products */;
			projectDirPath = "";
			projectRoot = "";
			targets = (
				41971D3A22CE795E0070194C /* rep3 */,
				41971D4E22CE79600070194C /* rep3Tests */,
			);
		};
/* End PBXProject section */

/* Begin PBXResourcesBuildPhase section */
		41971D3922CE795E0070194C /* Resources */ = {
			isa = PBXResourcesBuildPhase;
			buildActionMask = 2147483647;
			files = (
				41971D4922CE795F0070194C /* LaunchScreen.storyboard in Resources */,
				41971D4622CE795F0070194C /* Assets.xcassets in Resources */,
				41971D4422CE795E0070194C /* Main.storyboard in Resources */,
			);
			runOnlyForDeploymentPostprocessing = 0;
		};
		41971D4D22CE79600070194C /* Resources */ = {
			isa = PBXResourcesBuildPhase;
			buildActionMask = 2147483647;
			files = (
			);
			runOnlyForDeploymentPostprocessing = 0;
		};
/* End PBXResourcesBuildPhase section */

/* Begin PBXSourcesBuildPhase section */
		41971D3722CE795E0070194C /* Sources */ = {
			isa = PBXSourcesBuildPhase;
			buildActionMask = 2147483647;
			files = (
				41971D4122CE795E0070194C /* ViewController.swift in Sources */,
				41971D3F22CE795E0070194C /* AppDelegate.swift in Sources */,
			);
			runOnlyForDeploymentPostprocessing = 0;
		};
		41971D4B22CE79600070194C /* Sources */ = {
			isa = PBXSourcesBuildPhase;
			buildActionMask = 2147483647;
			files = (
				41971D5422CE79600070194C /* rep3Tests.swift in Sources */,
			);
			runOnlyForDeploymentPostprocessing = 0;
		};
/* End PBXSourcesBuildPhase section */

/* Begin PBXTargetDependency section */
		41971D5122CE79600070194C /* PBXTargetDependency */ = {
			isa = PBXTargetDependency;
			target = 41971D3A22CE795E0070194C /* rep3 */;
			targetProxy = 41971D5022CE79600070194C /* PBXContainerItemProxy */;
		};
/* End PBXTargetDependency section */

/* Begin PBXVariantGroup section */
		41971D4222CE795E0070194C /* Main.storyboard */ = {
			isa = PBXVariantGroup;
			children = (
				41971D4322CE795E0070194C /* Base */,
			);
			name = Main.storyboard;
			sourceTree = "<group>";
		};
		41971D4722CE795F0070194C /* LaunchScreen.storyboard */ = {
			isa = PBXVariantGroup;
			children = (
				41971D4822CE795F0070194C /* Base */,
			);
			name = LaunchScreen.storyboard;
			sourceTree = "<group>";
		};
/* End PBXVariantGroup section */

/* Begin XCBuildConfiguration section */
		41971D5622CE79600070194C /* Debug */ = {
			isa = XCBuildConfiguration;
			buildSettings = {
				ALWAYS_SEARCH_USER_PATHS = NO;
				CLANG_ANALYZER_NONNULL = YES;
				CLANG_ANALYZER_NUMBER_OBJECT_CONVERSION = YES_AGGRESSIVE;
				CLANG_CXX_LANGUAGE_STANDARD = "gnu++14";
				CLANG_CXX_LIBRARY = "libc++";
				CLANG_ENABLE_MODULES = YES;
				CLANG_ENABLE_OBJC_ARC = YES;
				CLANG_ENABLE_OBJC_WEAK = YES;
				CLANG_WARN_BLOCK_CAPTURE_AUTORELEASING = YES;
				CLANG_WARN_BOOL_CONVERSION = YES;
				CLANG_WARN_COMMA = YES;
				CLANG_WARN_CONSTANT_CONVERSION = YES;
				CLANG_WARN_DEPRECATED_OBJC_IMPLEMENTATIONS = YES;
				CLANG_WARN_DIRECT_OBJC_ISA_USAGE = YES_ERROR;
				CLANG_WARN_DOCUMENTATION_COMMENTS = YES;
				CLANG_WARN_EMPTY_BODY = YES;
				CLANG_WARN_ENUM_CONVERSION = YES;
				CLANG_WARN_INFINITE_RECURSION = YES;
				CLANG_WARN_INT_CONVERSION = YES;
				CLANG_WARN_NON_LITERAL_NULL_CONVERSION = YES;
				CLANG_WARN_OBJC_IMPLICIT_RETAIN_SELF = YES;
				CLANG_WARN_OBJC_LITERAL_CONVERSION = YES;
				CLANG_WARN_OBJC_ROOT_CLASS = YES_ERROR;
				CLANG_WARN_RANGE_LOOP_ANALYSIS = YES;
				CLANG_WARN_STRICT_PROTOTYPES = YES;
				CLANG_WARN_SUSPICIOUS_MOVE = YES;
				CLANG_WARN_UNGUARDED_AVAILABILITY = YES_AGGRESSIVE;
				CLANG_WARN_UNREACHABLE_CODE = YES;
				CLANG_WARN__DUPLICATE_METHOD_MATCH = YES;
				CODE_SIGN_IDENTITY = "iPhone Developer";
				COPY_PHASE_STRIP = NO;
				DEBUG_INFORMATION_FORMAT = dwarf;
				ENABLE_STRICT_OBJC_MSGSEND = YES;
				ENABLE_TESTABILITY = YES;
				GCC_C_LANGUAGE_STANDARD = gnu11;
				GCC_DYNAMIC_NO_PIC = NO;
				GCC_NO_COMMON_BLOCKS = YES;
				GCC_OPTIMIZATION_LEVEL = 0;
				GCC_PREPROCESSOR_DEFINITIONS = (
					"DEBUG=1",
					"$(inherited)",
				);
				GCC_WARN_64_TO_32_BIT_CONVERSION = YES;
				GCC_WARN_ABOUT_RETURN_TYPE = YES_ERROR;
				GCC_WARN_UNDECLARED_SELECTOR = YES;
				GCC_WARN_UNINITIALIZED_AUTOS = YES_AGGRESSIVE;
				GCC_WARN_UNUSED_FUNCTION = YES;
				GCC_WARN_UNUSED_VARIABLE = YES;
				IPHONEOS_DEPLOYMENT_TARGET = 12.1;
				MTL_ENABLE_DEBUG_INFO = INCLUDE_SOURCE;
				MTL_FAST_MATH = YES;
				ONLY_ACTIVE_ARCH = YES;
				SDKROOT = iphoneos;
				SWIFT_ACTIVE_COMPILATION_CONDITIONS = DEBUG;
				SWIFT_OPTIMIZATION_LEVEL = "-Onone";
			};
			name = Debug;
		};
		41971D5722CE79600070194C /* Release */ = {
			isa = XCBuildConfiguration;
			buildSettings = {
				ALWAYS_SEARCH_USER_PATHS = NO;
				CLANG_ANALYZER_NONNULL = YES;
				CLANG_ANALYZER_NUMBER_OBJECT_CONVERSION = YES_AGGRESSIVE;
				CLANG_CXX_LANGUAGE_STANDARD = "gnu++14";
				CLANG_CXX_LIBRARY = "libc++";
				CLANG_ENABLE_MODULES = YES;
				CLANG_ENABLE_OBJC_ARC = YES;
				CLANG_ENABLE_OBJC_WEAK = YES;
				CLANG_WARN_BLOCK_CAPTURE_AUTORELEASING = YES;
				CLANG_WARN_BOOL_CONVERSION = YES;
				CLANG_WARN_COMMA = YES;
				CLANG_WARN_CONSTANT_CONVERSION = YES;
				CLANG_WARN_DEPRECATED_OBJC_IMPLEMENTATIONS = YES;
				CLANG_WARN_DIRECT_OBJC_ISA_USAGE = YES_ERROR;
				CLANG_WARN_DOCUMENTATION_COMMENTS = YES;
				CLANG_WARN_EMPTY_BODY = YES;
				CLANG_WARN_ENUM_CONVERSION = YES;
				CLANG_WARN_INFINITE_RECURSION = YES;
				CLANG_WARN_INT_CONVERSION = YES;
				CLANG_WARN_NON_LITERAL_NULL_CONVERSION = YES;
				CLANG_WARN_OBJC_IMPLICIT_RETAIN_SELF = YES;
				CLANG_WARN_OBJC_LITERAL_CONVERSION = YES;
				CLANG_WARN_OBJC_ROOT_CLASS = YES_ERROR;
				CLANG_WARN_RANGE_LOOP_ANALYSIS = YES;
				CLANG_WARN_STRICT_PROTOTYPES = YES;
				CLANG_WARN_SUSPICIOUS_MOVE = YES;
				CLANG_WARN_UNGUARDED_AVAILABILITY = YES_AGGRESSIVE;
				CLANG_WARN_UNREACHABLE_CODE = YES;
				CLANG_WARN__DUPLICATE_METHOD_MATCH = YES;
				CODE_SIGN_IDENTITY = "iPhone Developer";
				COPY_PHASE_STRIP = NO;
				DEBUG_INFORMATION_FORMAT = "dwarf-with-dsym";
				ENABLE_NS_ASSERTIONS = NO;
				ENABLE_STRICT_OBJC_MSGSEND = YES;
				GCC_C_LANGUAGE_STANDARD = gnu11;
				GCC_NO_COMMON_BLOCKS = YES;
				GCC_WARN_64_TO_32_BIT_CONVERSION = YES;
				GCC_WARN_ABOUT_RETURN_TYPE = YES_ERROR;
				GCC_WARN_UNDECLARED_SELECTOR = YES;
				GCC_WARN_UNINITIALIZED_AUTOS = YES_AGGRESSIVE;
				GCC_WARN_UNUSED_FUNCTION = YES;
				GCC_WARN_UNUSED_VARIABLE = YES;
				IPHONEOS_DEPLOYMENT_TARGET = 12.1;
				MTL_ENABLE_DEBUG_INFO = NO;
				MTL_FAST_MATH = YES;
				SDKROOT = iphoneos;
				SWIFT_COMPILATION_MODE = wholemodule;
				SWIFT_OPTIMIZATION_LEVEL = "-O";
				VALIDATE_PRODUCT = YES;
			};
			name = Release;
		};
		41971D5922CE79600070194C /* Debug */ = {
			isa = XCBuildConfiguration;
			buildSettings = {
				ASSETCATALOG_COMPILER_APPICON_NAME = AppIcon;
				CODE_SIGN_STYLE = Automatic;
				DEVELOPMENT_TEAM = E475ENK8D3;
				INFOPLIST_FILE = rep3/Info.plist;
				LD_RUNPATH_SEARCH_PATHS = (
					"$(inherited)",
					"@executable_path/Frameworks",
				);
				PRODUCT_BUNDLE_IDENTIFIER = com.test.rep.rep3;
				PRODUCT_NAME = "$(TARGET_NAME)";
				SWIFT_VERSION = 4.2;
				TARGETED_DEVICE_FAMILY = "1,2";
			};
			name = Debug;
		};
		41971D5A22CE79600070194C /* Release */ = {
			isa = XCBuildConfiguration;
			buildSettings = {
				ASSETCATALOG_COMPILER_APPICON_NAME = AppIcon;
				CODE_SIGN_STYLE = Automatic;
				DEVELOPMENT_TEAM = E475ENK8D3;
				INFOPLIST_FILE = rep3/Info.plist;
				LD_RUNPATH_SEARCH_PATHS = (
					"$(inherited)",
					"@executable_path/Frameworks",
				);
				PRODUCT_BUNDLE_IDENTIFIER = com.test.rep.rep3;
				PRODUCT_NAME = "$(TARGET_NAME)";
				SWIFT_VERSION = 4.2;
				TARGETED_DEVICE_FAMILY = "1,2";
			};
			name = Release;
		};
		41971D5C22CE79600070194C /* Debug */ = {
			isa = XCBuildConfiguration;
			buildSettings = {
				ALWAYS_EMBED_SWIFT_STANDARD_LIBRARIES = YES;
				BUNDLE_LOADER = "$(TEST_HOST)";
				CODE_SIGN_STYLE = Automatic;
				DEVELOPMENT_TEAM = E475ENK8D3;
				INFOPLIST_FILE = rep3Tests/Info.plist;
				LD_RUNPATH_SEARCH_PATHS = (
					"$(inherited)",
					"@executable_path/Frameworks",
					"@loader_path/Frameworks",
				);
				PRODUCT_BUNDLE_IDENTIFIER = com.test.rep.rep3Tests;
				PRODUCT_NAME = "$(TARGET_NAME)";
				SWIFT_VERSION = 4.2;
				TARGETED_DEVICE_FAMILY = "1,2";
				TEST_HOST = "$(BUILT_PRODUCTS_DIR)/rep3.app/rep3";
			};
			name = Debug;
		};
		41971D5D22CE79600070194C /* Release */ = {
			isa = XCBuildConfiguration;
			buildSettings = {
				ALWAYS_EMBED_SWIFT_STANDARD_LIBRARIES = YES;
				BUNDLE_LOADER = "$(TEST_HOST)";
				CODE_SIGN_STYLE = Automatic;
				DEVELOPMENT_TEAM = E475ENK8D3;
				INFOPLIST_FILE = rep3Tests/Info.plist;
				LD_RUNPATH_SEARCH_PATHS = (
					"$(inherited)",
					"@executable_path/Frameworks",
					"@loader_path/Frameworks",
				);
				PRODUCT_BUNDLE_IDENTIFIER = com.test.rep.rep3Tests;
				PRODUCT_NAME = "$(TARGET_NAME)";
				SWIFT_VERSION = 4.2;
				TARGETED_DEVICE_FAMILY = "1,2";
				TEST_HOST = "$(BUILT_PRODUCTS_DIR)/rep3.app/rep3";
			};
			name = Release;
		};
/* End XCBuildConfiguration section */

/* Begin XCConfigurationList section */
		41971D3622CE795E0070194C /* Build configuration list for PBXProject "rep3" */ = {
			isa = XCConfigurationList;
			buildConfigurations = (
				41971D5622CE79600070194C /* Debug */,
				41971D5722CE79600070194C /* Release */,
			);
			defaultConfigurationIsVisible = 0;
			defaultConfigurationName = Release;
		};
		41971D5822CE79600070194C /* Build configuration list for PBXNativeTarget "rep3" */ = {
			isa = XCConfigurationList;
			buildConfigurations = (
				41971D5922CE79600070194C /* Debug */,
				41971D5A22CE79600070194C /* Release */,
			);
			defaultConfigurationIsVisible = 0;
			defaultConfigurationName = Release;
		};
		41971D5B22CE79600070194C /* Build configuration list for PBXNativeTarget "rep3Tests" */ = {
			isa = XCConfigurationList;
			buildConfigurations = (
				41971D5C22CE79600070194C /* Debug */,
				41971D5D22CE79600070194C /* Release */,
			);
			defaultConfigurationIsVisible = 0;
			defaultConfigurationName = Release;
		};
/* End XCConfigurationList section */
	};
	rootObject = 41971D3322CE795E0070194C /* Project object */;
}
